
Microsoft Visual Studio Solution File, Format Version 12.00
# Visual Studio Version 17
VisualStudioVersion = 17.8.34322.80
MinimumVisualStudioVersion = 10.0.40219.1
Project("{FAE04EC0-301F-11D3-BF4B-00C04F79EFBC}") = "AnexAppsUpdateManager.Win", "AnexAppsUpdateManager.Win\AnexAppsUpdateManager.Win.csproj", "{F77E9823-6996-4F17-932A-E98DA9FCC258}"
EndProject
Global
	GlobalSection(SolutionConfigurationPlatforms) = preSolution
		Debug|Any CPU = Debug|Any CPU
		Release|Any CPU = Release|Any CPU
	EndGlobalSection
	GlobalSection(ProjectConfigurationPlatforms) = postSolution
		{F77E9823-6996-4F17-932A-E98DA9FCC258}.Debug|Any CPU.ActiveCfg = Debug|Any CPU
		{F77E9823-6996-4F17-932A-E98DA9FCC258}.Debug|Any CPU.Build.0 = Debug|Any CPU
		{F77E9823-6996-4F17-932A-E98DA9FCC258}.Release|Any CPU.ActiveCfg = Release|Any CPU
		{F77E9823-6996-4F17-932A-E98DA9FCC258}.Release|Any CPU.Build.0 = Release|Any CPU
	EndGlobalSection
	GlobalSection(SolutionProperties) = preSolution
		HideSolutionNode = FALSE
	EndGlobalSection
	GlobalSection(ExtensibilityGlobals) = postSolution
		SolutionGuid = {724D9B91-B34B-41C6-BD42-B66D32CF323A}
	EndGlobalSection
EndGlobal
